
Microsoft Visual Studio Solution File, Format Version 12.00
# Visual Studio Version 17
VisualStudioVersion = 17.12.35707.178 d17.12
MinimumVisualStudioVersion = 10.0.40219.1
Project("{FAE04EC0-301F-11D3-BF4B-00C04F79EFBC}") = "TestWPF", "TestWPF\TestWPF.csproj", "{886D5CF6-9242-4CA6-BF1D-E630EDD074FA}"
EndProject
Project("{FAE04EC0-301F-11D3-BF4B-00C04F79EFBC}") = "DLL", "DLL\DLL.csproj", "{C66B30C8-8E0D-4898-ACDD-E6131BA67E7C}"
EndProject
Project("{FAE04EC0-301F-11D3-BF4B-00C04F79EFBC}") = "Domain", "Domain\Domain.csproj", "{9DB99BE2-B6BF-492D-8F95-72762879D0B8}"
EndProject
Project("{FAE04EC0-301F-11D3-BF4B-00C04F79EFBC}") = "BLL", "BLL\BLL.csproj", "{954294FF-0F13-45F0-9A2B-42694ED35CCE}"
EndProject
Global
	GlobalSection(SolutionConfigurationPlatforms) = preSolution
		Debug|Any CPU = Debug|Any CPU
		Release|Any CPU = Release|Any CPU
	EndGlobalSection
	GlobalSection(ProjectConfigurationPlatforms) = postSolution
		{886D5CF6-9242-4CA6-BF1D-E630EDD074FA}.Debug|Any CPU.ActiveCfg = Debug|Any CPU
		{886D5CF6-9242-4CA6-BF1D-E630EDD074FA}.Debug|Any CPU.Build.0 = Debug|Any CPU
		{886D5CF6-9242-4CA6-BF1D-E630EDD074FA}.Release|Any CPU.ActiveCfg = Release|Any CPU
		{886D5CF6-9242-4CA6-BF1D-E630EDD074FA}.Release|Any CPU.Build.0 = Release|Any CPU
		{C66B30C8-8E0D-4898-ACDD-E6131BA67E7C}.Debug|Any CPU.ActiveCfg = Debug|Any CPU
		{C66B30C8-8E0D-4898-ACDD-E6131BA67E7C}.Debug|Any CPU.Build.0 = Debug|Any CPU
		{C66B30C8-8E0D-4898-ACDD-E6131BA67E7C}.Release|Any CPU.ActiveCfg = Release|Any CPU
		{C66B30C8-8E0D-4898-ACDD-E6131BA67E7C}.Release|Any CPU.Build.0 = Release|Any CPU
		{9DB99BE2-B6BF-492D-8F95-72762879D0B8}.Debug|Any CPU.ActiveCfg = Debug|Any CPU
		{9DB99BE2-B6BF-492D-8F95-72762879D0B8}.Debug|Any CPU.Build.0 = Debug|Any CPU
		{9DB99BE2-B6BF-492D-8F95-72762879D0B8}.Release|Any CPU.ActiveCfg = Release|Any CPU
		{9DB99BE2-B6BF-492D-8F95-72762879D0B8}.Release|Any CPU.Build.0 = Release|Any CPU
		{954294FF-0F13-45F0-9A2B-42694ED35CCE}.Debug|Any CPU.ActiveCfg = Debug|Any CPU
		{954294FF-0F13-45F0-9A2B-42694ED35CCE}.Debug|Any CPU.Build.0 = Debug|Any CPU
		{954294FF-0F13-45F0-9A2B-42694ED35CCE}.Release|Any CPU.ActiveCfg = Release|Any CPU
		{954294FF-0F13-45F0-9A2B-42694ED35CCE}.Release|Any CPU.Build.0 = Release|Any CPU
	EndGlobalSection
	GlobalSection(SolutionProperties) = preSolution
		HideSolutionNode = FALSE
	EndGlobalSection
EndGlobal
